
Microsoft Visual Studio Solution File, Format Version 12.00
# Visual Studio 15
VisualStudioVersion = 15.0.28307.489
MinimumVisualStudioVersion = 10.0.40219.1
Project("{8BC9CEB8-8B4A-11D0-8D11-00A0C91BC942}") = "K-CoreDecom", "K-CoreDecom\K-CoreDecom.vcxproj", "{93A9F9DD-9A67-417C-A406-3AC3CD84B276}"
EndProject
Global
	GlobalSection(SolutionConfigurationPlatforms) = preSolution
		Debug|x64 = Debug|x64
		Debug|x86 = Debug|x86
		Release|x64 = Release|x64
		Release|x86 = Release|x86
	EndGlobalSection
	GlobalSection(ProjectConfigurationPlatforms) = postSolution
		{93A9F9DD-9A67-417C-A406-3AC3CD84B276}.Debug|x64.ActiveCfg = Debug|x64
		{93A9F9DD-9A67-417C-A406-3AC3CD84B276}.Debug|x64.Build.0 = Debug|x64
		{93A9F9DD-9A67-417C-A406-3AC3CD84B276}.Debug|x86.ActiveCfg = Debug|Win32
		{93A9F9DD-9A67-417C-A406-3AC3CD84B276}.Debug|x86.Build.0 = Debug|Win32
		{93A9F9DD-9A67-417C-A406-3AC3CD84B276}.Release|x64.ActiveCfg = Release|x64
		{93A9F9DD-9A67-417C-A406-3AC3CD84B276}.Release|x64.Build.0 = Release|x64
		{93A9F9DD-9A67-417C-A406-3AC3CD84B276}.Release|x86.ActiveCfg = Release|Win32
		{93A9F9DD-9A67-417C-A406-3AC3CD84B276}.Release|x86.Build.0 = Release|Win32
	EndGlobalSection
	GlobalSection(SolutionProperties) = preSolution
		HideSolutionNode = FALSE
	EndGlobalSection
	GlobalSection(ExtensibilityGlobals) = postSolution
		SolutionGuid = {2819F941-9F8E-423C-88B3-6F793FCFC4DB}
	EndGlobalSection
EndGlobal
